# THIS IS AN AUTOGENERATED FILE. DO NOT EDIT THIS FILE DIRECTLY.
# yarn lockfile v1


sweetalert2@^11.7.3:
  version "11.7.3"
  resolved "https://registry.yarnpkg.com/sweetalert2/-/sweetalert2-11.7.3.tgz#e81ad273903a644b60d1ee0359626cc4c4ac860d"
  integrity sha512-fUN/fyVSBZNtY4Rr/Qtxn7tNNnlRAbUhQxTQ9uOo0xVMIHBmqq4/9pau5N9dB2pvkB353XL/ywRAycscLoYU3w==
